<?xml version="1.0" encoding="utf-8"?>
<Project ToolsVersion="4.0" xmlns="http://schemas.microsoft.com/developer/msbuild/2003">
  <ItemGroup>
    <Filter Include="ソース ファイル">
      <UniqueIdentifier>{4FC737F1-C7A5-4376-A066-2A32D752A2FF}</UniqueIdentifier>
      <Extensions>cpp;c;cc;cxx;def;odl;idl;hpj;bat;asm;asmx</Extensions>
    </Filter>
    <Filter Include="ヘッダー ファイル">
      <UniqueIdentifier>{93995380-89BD-4b04-88EB-625FBE52EBFB}</UniqueIdentifier>
      <Extensions>h;hpp;hxx;hm;inl;inc;xsd</Extensions>
    </Filter>
    <Filter Include="ソース ファイル\Effect">
      <UniqueIdentifier>{6c3f655f-b631-4509-93a3-cf7b103f0e40}</UniqueIdentifier>
    </Filter>
    <Filter Include="ヘッダー ファイル\Effect">
      <UniqueIdentifier>{d9a9431b-8649-4adc-9aaf-5d26d505cee1}</UniqueIdentifier>
    </Filter>
    <Filter Include="ソース ファイル\Ouput">
      <UniqueIdentifier>{1230d42b-d4b1-4219-aa0b-3466cf7370fd}</UniqueIdentifier>
    </Filter>
    <Filter Include="ヘッダー ファイル\Ouput">
      <UniqueIdentifier>{fee1660c-02b2-4b72-b20e-fe54f81b619f}</UniqueIdentifier>
    </Filter>
    <Filter Include="ソース ファイル\Input">
      <UniqueIdentifier>{6e492e52-df0a-42e7-bdaa-667f37b26172}</UniqueIdentifier>
    </Filter>
    <Filter Include="ヘッダー ファイル\Input">
      <UniqueIdentifier>{bf403812-d3c1-48eb-bd00-6e766efca280}</UniqueIdentifier>
    </Filter>
  </ItemGroup>
  <ItemGroup>
    <ClCompile Include="src\stdafx.cpp">
      <Filter>ソース ファイル</Filter>
    </ClCompile>
    <ClCompile Include="src\SoundEffectBase.cpp">
      <Filter>ソース ファイル\Effect</Filter>
    </ClCompile>
    <ClCompile Include="src\SoundEffectSet.cpp">
      <Filter>ソース ファイル\Effect</Filter>
    </ClCompile>
    <ClCompile Include="src\EffectGen.cpp">
      <Filter>ソース ファイル\Effect</Filter>
    </ClCompile>
    <ClCompile Include="src\AppMain.cpp">
      <Filter>ソース ファイル</Filter>
    </ClCompile>
    <ClCompile Include="src\WinBase.cpp">
      <Filter>ソース ファイル</Filter>
    </ClCompile>
    <ClCompile Include="src\SoundOutputBase.cpp">
      <Filter>ソース ファイル\Ouput</Filter>
    </ClCompile>
    <ClCompile Include="src\SoundManager.cpp">
      <Filter>ソース ファイル</Filter>
    </ClCompile>
    <ClCompile Include="src\SoundOutputDS.cpp">
      <Filter>ソース ファイル\Ouput</Filter>
    </ClCompile>
    <ClCompile Include="src\SoundOutputWaveFile.cpp">
      <Filter>ソース ファイル\Ouput</Filter>
    </ClCompile>
    <ClCompile Include="src\SeqInputBase.cpp">
      <Filter>ソース ファイル\Input</Filter>
    </ClCompile>
    <ClCompile Include="src\SeqInputMML.cpp">
      <Filter>ソース ファイル\Input</Filter>
    </ClCompile>
    <ClCompile Include="src\SoundEffectADSR.cpp">
      <Filter>ソース ファイル\Effect</Filter>
    </ClCompile>
    <ClCompile Include="src\SoundEffectVolume.cpp">
      <Filter>ソース ファイル\Effect</Filter>
    </ClCompile>
    <ClCompile Include="src\CriticalBlock.cpp">
      <Filter>ソース ファイル</Filter>
    </ClCompile>
    <ClCompile Include="src\SoundEffectVibrato.cpp">
      <Filter>ソース ファイル\Effect</Filter>
    </ClCompile>
  </ItemGroup>
  <ItemGroup>
    <ClInclude Include="src\stdafx.h">
      <Filter>ヘッダー ファイル</Filter>
    </ClInclude>
    <ClInclude Include="src\targetver.h">
      <Filter>ヘッダー ファイル</Filter>
    </ClInclude>
    <ClInclude Include="src\SoundEffectBase.h">
      <Filter>ヘッダー ファイル\Effect</Filter>
    </ClInclude>
    <ClInclude Include="src\SoundEffectSet.h">
      <Filter>ヘッダー ファイル\Effect</Filter>
    </ClInclude>
    <ClInclude Include="src\EffectGen.h">
      <Filter>ヘッダー ファイル\Effect</Filter>
    </ClInclude>
    <ClInclude Include="src\AppMain.h">
      <Filter>ヘッダー ファイル</Filter>
    </ClInclude>
    <ClInclude Include="src\WinBase.h">
      <Filter>ヘッダー ファイル</Filter>
    </ClInclude>
    <ClInclude Include="src\SoundOutputBase.h">
      <Filter>ヘッダー ファイル\Ouput</Filter>
    </ClInclude>
    <ClInclude Include="src\SoundManager.h">
      <Filter>ヘッダー ファイル</Filter>
    </ClInclude>
    <ClInclude Include="src\SoundOutputDS.h">
      <Filter>ヘッダー ファイル\Ouput</Filter>
    </ClInclude>
    <ClInclude Include="src\SoundOutputWaveFile.h">
      <Filter>ヘッダー ファイル\Ouput</Filter>
    </ClInclude>
    <ClInclude Include="src\SeqInputBase.h">
      <Filter>ヘッダー ファイル\Input</Filter>
    </ClInclude>
    <ClInclude Include="src\SeqInputMML.h">
      <Filter>ヘッダー ファイル\Input</Filter>
    </ClInclude>
    <ClInclude Include="src\SoundEffectADSR.h">
      <Filter>ヘッダー ファイル\Effect</Filter>
    </ClInclude>
    <ClInclude Include="src\SoundEffectVolume.h">
      <Filter>ヘッダー ファイル\Effect</Filter>
    </ClInclude>
    <ClInclude Include="src\CriticalBlock.h">
      <Filter>ヘッダー ファイル</Filter>
    </ClInclude>
    <ClInclude Include="src\SoundEffectVibrato.h">
      <Filter>ヘッダー ファイル\Effect</Filter>
    </ClInclude>
  </ItemGroup>
  <ItemGroup>
    <None Include="sample.mml" />
  </ItemGroup>
</Project>