<?xml version="1.0" encoding="utf-8"?>
<Project ToolsVersion="4.0" xmlns="http://schemas.microsoft.com/developer/msbuild/2003">
  <ItemGroup>
    <Filter Include="ソース ファイル">
      <UniqueIdentifier>{4FC737F1-C7A5-4376-A066-2A32D752A2FF}</UniqueIdentifier>
      <Extensions>cpp;c;cc;cxx;def;odl;idl;hpj;bat;asm;asmx</Extensions>
    </Filter>
    <Filter Include="ヘッダー ファイル">
      <UniqueIdentifier>{93995380-89BD-4b04-88EB-625FBE52EBFB}</UniqueIdentifier>
      <Extensions>h;hpp;hxx;hm;inl;inc;xsd</Extensions>
    </Filter>
    <Filter Include="Core">
      <UniqueIdentifier>{78d83c8c-e914-4ebc-906d-31ba3a8d3c91}</UniqueIdentifier>
    </Filter>
  </ItemGroup>
  <ItemGroup>
    <ClInclude Include="stdafx.h">
      <Filter>ヘッダー ファイル</Filter>
    </ClInclude>
    <ClInclude Include="targetver.h">
      <Filter>ヘッダー ファイル</Filter>
    </ClInclude>
    <ClInclude Include="..\src\EffectGen.h">
      <Filter>Core</Filter>
    </ClInclude>
    <ClInclude Include="..\src\SeqInputBase.h">
      <Filter>Core</Filter>
    </ClInclude>
    <ClInclude Include="..\src\SeqInputMML.h">
      <Filter>Core</Filter>
    </ClInclude>
    <ClInclude Include="..\src\SoundEffectADSR.h">
      <Filter>Core</Filter>
    </ClInclude>
    <ClInclude Include="..\src\SoundEffectBase.h">
      <Filter>Core</Filter>
    </ClInclude>
    <ClInclude Include="..\src\SoundEffectSet.h">
      <Filter>Core</Filter>
    </ClInclude>
    <ClInclude Include="..\src\SoundEffectVolume.h">
      <Filter>Core</Filter>
    </ClInclude>
    <ClInclude Include="..\src\SoundManager.h">
      <Filter>Core</Filter>
    </ClInclude>
    <ClInclude Include="..\src\SoundOutputBase.h">
      <Filter>Core</Filter>
    </ClInclude>
    <ClInclude Include="..\src\SoundOutputDS.h">
      <Filter>Core</Filter>
    </ClInclude>
    <ClInclude Include="..\src\SoundOutputWaveFile.h">
      <Filter>Core</Filter>
    </ClInclude>
    <ClInclude Include="WaveGenIF.h">
      <Filter>ヘッダー ファイル</Filter>
    </ClInclude>
    <ClInclude Include="..\src\CriticalBlock.h">
      <Filter>Core</Filter>
    </ClInclude>
  </ItemGroup>
  <ItemGroup>
    <ClCompile Include="stdafx.cpp">
      <Filter>ソース ファイル</Filter>
    </ClCompile>
    <ClCompile Include="dllmain.cpp">
      <Filter>ソース ファイル</Filter>
    </ClCompile>
    <ClCompile Include="..\src\EffectGen.cpp">
      <Filter>Core</Filter>
    </ClCompile>
    <ClCompile Include="..\src\SeqInputBase.cpp">
      <Filter>Core</Filter>
    </ClCompile>
    <ClCompile Include="..\src\SeqInputMML.cpp">
      <Filter>Core</Filter>
    </ClCompile>
    <ClCompile Include="..\src\SoundEffectADSR.cpp">
      <Filter>Core</Filter>
    </ClCompile>
    <ClCompile Include="..\src\SoundEffectBase.cpp">
      <Filter>Core</Filter>
    </ClCompile>
    <ClCompile Include="..\src\SoundEffectSet.cpp">
      <Filter>Core</Filter>
    </ClCompile>
    <ClCompile Include="..\src\SoundEffectVolume.cpp">
      <Filter>Core</Filter>
    </ClCompile>
    <ClCompile Include="..\src\SoundManager.cpp">
      <Filter>Core</Filter>
    </ClCompile>
    <ClCompile Include="..\src\SoundOutputBase.cpp">
      <Filter>Core</Filter>
    </ClCompile>
    <ClCompile Include="..\src\SoundOutputDS.cpp">
      <Filter>Core</Filter>
    </ClCompile>
    <ClCompile Include="..\src\SoundOutputWaveFile.cpp">
      <Filter>Core</Filter>
    </ClCompile>
    <ClCompile Include="WaveGenIF.cpp">
      <Filter>ソース ファイル</Filter>
    </ClCompile>
    <ClCompile Include="..\src\CriticalBlock.cpp">
      <Filter>Core</Filter>
    </ClCompile>
  </ItemGroup>
</Project>